<Solution>
  <Folder Name="/benchmarks/">
    <Project Path="benchmarks/Atli.Reports.Benchmarks.Load/Atli.Reports.Benchmarks.Load.csproj" />
    <Project Path="benchmarks/Atli.Reports.Benchmarks/Atli.Reports.Benchmarks.csproj" />
  </Folder>
  <Folder Name="/examples/">
    <Project Path="examples/Atli.Reports.AppHost/Atli.Reports.AppHost.csproj" />
    <Project Path="examples/Atli.Reports.ServiceDefaults/Atli.Reports.ServiceDefaults.csproj" />
    <Project Path="examples/ExampleTemplates/ExampleTemplates.csproj" />
    <Project Path="examples/RemoteReportServer/RemoteReportServer.csproj" />
    <Project Path="examples/SimpleReportServer/SimpleReportServer.csproj" />
    <Project Path="examples/TailwindReportServer/TailwindReportServer.csproj" />
  </Folder>
  <Folder Name="/src/">
    <Project Path="src/Atli.Reports.Aspire.Hosting/Atli.Reports.Aspire.Hosting.csproj" />
    <Project Path="src/Atli.Reports.Engine/Atli.Reports.Engine.csproj" />
    <Project Path="src/Atli.Reports.Server/Atli.Reports.Server.csproj" />
    <Project Path="src/Atli.Reports.Blazor.Components/Atli.Reports.Blazor.Components.csproj" />
    <Project Path="src/Atli.Reports.Blazor/Atli.Reports.Blazor.csproj" />
    <Project Path="src/Atli.Reports.Blazor.Tailwind/Atli.Reports.Blazor.Tailwind.csproj" />
    <Project Path="src/Atli.Reports.Blazor.Tailwind.Build/Atli.Reports.Blazor.Tailwind.Build.csproj" />
    <Project Path="src/Atli.Reports.Blazor.Tailwind.Contracts/Atli.Reports.Blazor.Tailwind.Contracts.csproj" />
    <Project Path="src/Atli.Reports.Blazor.Tailwind.Analysis/Atli.Reports.Blazor.Tailwind.Analysis.csproj" />
    <Project Path="src/Atli.Reports.Blazor.Tailwind.Discovery/Atli.Reports.Blazor.Tailwind.Discovery.csproj" />
    <Project Path="src/Atli.Reports.Client/Atli.Reports.Client.csproj" />
    <Project Path="src/Atli.Reports.Hosting/Atli.Reports.Hosting.csproj" />
    <Project Path="src/Atli.Reports.Provisioner/Atli.Reports.Provisioner.csproj" />
  </Folder>
  <Folder Name="/tests/">
    <Project Path="tests/Atli.Reports.AppHost.Tests/Atli.Reports.AppHost.Tests.csproj">
      <Build Project="false" />
    </Project>
    <Project Path="tests/Atli.Reports.Aspire.Hosting.Tests/Atli.Reports.Aspire.Hosting.Tests.csproj" />
    <Project Path="tests/Atli.Reports.Blazor.Tests/Atli.Reports.Blazor.Tests.csproj" />
    <Project Path="tests/Atli.Reports.Tailwind.Tests/Atli.Reports.Tailwind.Tests.csproj">
      <Build Project="false" />
    </Project>
    <Project Path="tests/Atli.Reports.Tailwind.Analysis.Tests/Atli.Reports.Tailwind.Analysis.Tests.csproj" />
    <Project Path="tests/Atli.Reports.Client.Tests/Atli.Reports.Client.Tests.csproj" />
    <Project Path="tests/Atli.Reports.Engine.Tests/Atli.Reports.Engine.Tests.csproj" />
    <Project Path="tests/Atli.Reports.Hosting.Tests/Atli.Reports.Hosting.Tests.csproj" />
    <Project Path="tests/Atli.Reports.Provisioner.Tests/Atli.Reports.Provisioner.Tests.csproj" />
  </Folder>
</Solution>
