<Solution>
  <Folder Name="/benchmarks/">
    <Project Path="benchmarks/Atli.Reports.Benchmarks.Load/Atli.Reports.Benchmarks.Load.csproj" />
    <Project Path="benchmarks/Atli.Reports.Benchmarks/Atli.Reports.Benchmarks.csproj" />
  </Folder>
  <Folder Name="/examples/">
    <Project Path="examples/Atli.Reports.AppHost/Atli.Reports.AppHost.csproj" />
    <Project Path="examples/Atli.Reports.ServiceDefaults/Atli.Reports.ServiceDefaults.csproj" />
    <Project Path="examples/ExampleTemplates/ExampleTemplates.csproj" />
    <Project Path="examples/SimpleReportServer/SimpleReportServer.csproj" />
    <Project Path="examples\TailwindReportServer\TailwindReportServer.csproj" Type="Classic C#" />
  </Folder>
  <Folder Name="/src/">
    <Project Path="src/Atli.Reports.Engine/Atli.Reports.Engine.csproj" />
    <Project Path="src/Atli.Reports.Server/Atli.Reports.Server.csproj" />
    <Project Path="src/Atli.Reports.Blazor.Components/Atli.Reports.Blazor.Components.csproj" />
    <Project Path="src/Atli.Reports.Blazor/Atli.Reports.Blazor.csproj" />
    <Project Path="src/Atli.Reports.Client/Atli.Reports.Client.csproj" />
  </Folder>
  <Folder Name="/tests/">
    <Project Path="tests/Atli.Reports.Blazor.Tests/Atli.Reports.Blazor.Tests.csproj" />
    <Project Path="tests/Atli.Reports.Client.Tests/Atli.Reports.Client.Tests.csproj" />
    <Project Path="tests/Atli.Reports.Engine.Tests/Atli.Reports.Engine.Tests.csproj" />
  </Folder>
</Solution>
